<?xml version="1.0" encoding="utf-8"?>
<Project ToolsVersion="16.0" xmlns="http://schemas.microsoft.com/developer/msbuild/2003">
  <ItemGroup>
    <CustomBuild Include="J:\C++\GameEngine\Resources\Cache\Engine-Build\CMakeFiles\4bfb87788df8c2c41d928d93196fa2ed\generate.stamp.rule">
      <Filter>CMake Rules</Filter>
    </CustomBuild>
  </ItemGroup>
  <ItemGroup>
    <Filter Include="CMake Rules">
      <UniqueIdentifier>{F81D6496-BE24-34A5-AC9D-B4230AC818F7}</UniqueIdentifier>
    </Filter>
  </ItemGroup>
</Project>
